
Microsoft Visual Studio Solution File, Format Version 12.00
# Visual Studio Version 16
VisualStudioVersion = 16.0.31624.102
MinimumVisualStudioVersion = 10.0.40219.1
Project("{9A19103F-16F7-4668-BE54-9A1E7A4F7556}") = "WebFundamentals", "WebFundamentals\WebFundamentals.csproj", "{B56E6792-DF39-4338-B06E-AA8E7B4B041F}"
EndProject
Project("{9A19103F-16F7-4668-BE54-9A1E7A4F7556}") = "ConfiguringMvcWebApplication", "ConfiguringMvcWebApplication\ConfiguringMvcWebApplication.csproj", "{0903BD39-EB20-4A73-BA5B-154B21D66C33}"
EndProject
Project("{2150E333-8FDC-42A3-9474-1A3956D46DE8}") = "Notes", "Notes", "{AAC7D2CA-88F0-4DA5-80F9-084A60A05364}"
	ProjectSection(SolutionItems) = preProject
		Notes.txt = Notes.txt
	EndProjectSection
EndProject
Project("{9A19103F-16F7-4668-BE54-9A1E7A4F7556}") = "ConfiguringMVcWebApplicationFinal", "ConfiguringMVcWebApplicationFinal\ConfiguringMVcWebApplicationFinal.csproj", "{1CC70400-D29E-41B1-B9E1-0F9D0D821E2B}"
EndProject
Project("{9A19103F-16F7-4668-BE54-9A1E7A4F7556}") = "coreMVCConcepts", "coreMVCConcepts\coreMVCConcepts.csproj", "{3551A933-82C1-4D36-8955-9D81793C469F}"
EndProject
Project("{9A19103F-16F7-4668-BE54-9A1E7A4F7556}") = "coreViewModelApplication", "coreViewModelApplication\coreViewModelApplication.csproj", "{619DC23D-646F-4FDB-A36F-A3E045E04CD5}"
EndProject
Project("{9A19103F-16F7-4668-BE54-9A1E7A4F7556}") = "coreSessionManagementApplication", "coreSessionManagementApplication\coreSessionManagementApplication.csproj", "{D9E5B5E5-E991-4169-BAF1-A2510A884811}"
EndProject
Project("{9A19103F-16F7-4668-BE54-9A1E7A4F7556}") = "coreCodeFirstApproachApplication", "coreCodeFirstApproachApplication\coreCodeFirstApproachApplication.csproj", "{2D5D2C44-2843-4190-95C1-9F996EB03618}"
EndProject
Project("{9A19103F-16F7-4668-BE54-9A1E7A4F7556}") = "coreCodeFirstApproachRelationshipsApplication", "coreCodeFirstApproachRelationshipsApplication\coreCodeFirstApproachRelationshipsApplication.csproj", "{FE8C5A60-581B-4C1B-B677-C78B7FF3CE10}"
EndProject
Project("{9A19103F-16F7-4668-BE54-9A1E7A4F7556}") = "coreDatabaseFirstApproachApplication", "coreDatabaseFirstApproachApplication\coreDatabaseFirstApproachApplication.csproj", "{3E209F9A-A12A-4E2C-9A08-9BBA07CAFC8A}"
EndProject
Project("{9A19103F-16F7-4668-BE54-9A1E7A4F7556}") = "coreDBFirstRelationshipApplication", "coreDBFirstRelationshipApplication\coreDBFirstRelationshipApplication.csproj", "{2F46B626-4FE4-4B5F-88FB-658D48D54CBD}"
EndProject
Project("{9A19103F-16F7-4668-BE54-9A1E7A4F7556}") = "coreWebAPIFundamentals", "coreWebAPIFundamentals\coreWebAPIFundamentals.csproj", "{A7443D2B-3315-45C6-A4A5-DF6B8CA7362D}"
EndProject
Project("{9A19103F-16F7-4668-BE54-9A1E7A4F7556}") = "vendorWebAPIApplication", "vendorWebAPIApplication\vendorWebAPIApplication.csproj", "{D0EF889C-22A0-45C2-BD4A-1E74FCB7CC7B}"
EndProject
Project("{9A19103F-16F7-4668-BE54-9A1E7A4F7556}") = "clientWebAPIApplication", "clientWebAPIApplication\clientWebAPIApplication.csproj", "{DC7E0E86-D52D-44CF-95A9-272584809E48}"
EndProject
Project("{FAE04EC0-301F-11D3-BF4B-00C04F79EFBC}") = "coreShoppingCartApplication", "coreShoppingCartApplication\coreShoppingCartApplication.csproj", "{A2E99C48-5119-4166-9A71-60A642836638}"
EndProject
Global
	GlobalSection(SolutionConfigurationPlatforms) = preSolution
		Debug|Any CPU = Debug|Any CPU
		Release|Any CPU = Release|Any CPU
	EndGlobalSection
	GlobalSection(ProjectConfigurationPlatforms) = postSolution
		{B56E6792-DF39-4338-B06E-AA8E7B4B041F}.Debug|Any CPU.ActiveCfg = Debug|Any CPU
		{B56E6792-DF39-4338-B06E-AA8E7B4B041F}.Debug|Any CPU.Build.0 = Debug|Any CPU
		{B56E6792-DF39-4338-B06E-AA8E7B4B041F}.Release|Any CPU.ActiveCfg = Release|Any CPU
		{B56E6792-DF39-4338-B06E-AA8E7B4B041F}.Release|Any CPU.Build.0 = Release|Any CPU
		{0903BD39-EB20-4A73-BA5B-154B21D66C33}.Debug|Any CPU.ActiveCfg = Debug|Any CPU
		{0903BD39-EB20-4A73-BA5B-154B21D66C33}.Debug|Any CPU.Build.0 = Debug|Any CPU
		{0903BD39-EB20-4A73-BA5B-154B21D66C33}.Release|Any CPU.ActiveCfg = Release|Any CPU
		{0903BD39-EB20-4A73-BA5B-154B21D66C33}.Release|Any CPU.Build.0 = Release|Any CPU
		{1CC70400-D29E-41B1-B9E1-0F9D0D821E2B}.Debug|Any CPU.ActiveCfg = Debug|Any CPU
		{1CC70400-D29E-41B1-B9E1-0F9D0D821E2B}.Debug|Any CPU.Build.0 = Debug|Any CPU
		{1CC70400-D29E-41B1-B9E1-0F9D0D821E2B}.Release|Any CPU.ActiveCfg = Release|Any CPU
		{1CC70400-D29E-41B1-B9E1-0F9D0D821E2B}.Release|Any CPU.Build.0 = Release|Any CPU
		{3551A933-82C1-4D36-8955-9D81793C469F}.Debug|Any CPU.ActiveCfg = Debug|Any CPU
		{3551A933-82C1-4D36-8955-9D81793C469F}.Debug|Any CPU.Build.0 = Debug|Any CPU
		{3551A933-82C1-4D36-8955-9D81793C469F}.Release|Any CPU.ActiveCfg = Release|Any CPU
		{3551A933-82C1-4D36-8955-9D81793C469F}.Release|Any CPU.Build.0 = Release|Any CPU
		{619DC23D-646F-4FDB-A36F-A3E045E04CD5}.Debug|Any CPU.ActiveCfg = Debug|Any CPU
		{619DC23D-646F-4FDB-A36F-A3E045E04CD5}.Debug|Any CPU.Build.0 = Debug|Any CPU
		{619DC23D-646F-4FDB-A36F-A3E045E04CD5}.Release|Any CPU.ActiveCfg = Release|Any CPU
		{619DC23D-646F-4FDB-A36F-A3E045E04CD5}.Release|Any CPU.Build.0 = Release|Any CPU
		{D9E5B5E5-E991-4169-BAF1-A2510A884811}.Debug|Any CPU.ActiveCfg = Debug|Any CPU
		{D9E5B5E5-E991-4169-BAF1-A2510A884811}.Debug|Any CPU.Build.0 = Debug|Any CPU
		{D9E5B5E5-E991-4169-BAF1-A2510A884811}.Release|Any CPU.ActiveCfg = Release|Any CPU
		{D9E5B5E5-E991-4169-BAF1-A2510A884811}.Release|Any CPU.Build.0 = Release|Any CPU
		{2D5D2C44-2843-4190-95C1-9F996EB03618}.Debug|Any CPU.ActiveCfg = Debug|Any CPU
		{2D5D2C44-2843-4190-95C1-9F996EB03618}.Debug|Any CPU.Build.0 = Debug|Any CPU
		{2D5D2C44-2843-4190-95C1-9F996EB03618}.Release|Any CPU.ActiveCfg = Release|Any CPU
		{2D5D2C44-2843-4190-95C1-9F996EB03618}.Release|Any CPU.Build.0 = Release|Any CPU
		{FE8C5A60-581B-4C1B-B677-C78B7FF3CE10}.Debug|Any CPU.ActiveCfg = Debug|Any CPU
		{FE8C5A60-581B-4C1B-B677-C78B7FF3CE10}.Debug|Any CPU.Build.0 = Debug|Any CPU
		{FE8C5A60-581B-4C1B-B677-C78B7FF3CE10}.Release|Any CPU.ActiveCfg = Release|Any CPU
		{FE8C5A60-581B-4C1B-B677-C78B7FF3CE10}.Release|Any CPU.Build.0 = Release|Any CPU
		{3E209F9A-A12A-4E2C-9A08-9BBA07CAFC8A}.Debug|Any CPU.ActiveCfg = Debug|Any CPU
		{3E209F9A-A12A-4E2C-9A08-9BBA07CAFC8A}.Debug|Any CPU.Build.0 = Debug|Any CPU
		{3E209F9A-A12A-4E2C-9A08-9BBA07CAFC8A}.Release|Any CPU.ActiveCfg = Release|Any CPU
		{3E209F9A-A12A-4E2C-9A08-9BBA07CAFC8A}.Release|Any CPU.Build.0 = Release|Any CPU
		{2F46B626-4FE4-4B5F-88FB-658D48D54CBD}.Debug|Any CPU.ActiveCfg = Debug|Any CPU
		{2F46B626-4FE4-4B5F-88FB-658D48D54CBD}.Debug|Any CPU.Build.0 = Debug|Any CPU
		{2F46B626-4FE4-4B5F-88FB-658D48D54CBD}.Release|Any CPU.ActiveCfg = Release|Any CPU
		{2F46B626-4FE4-4B5F-88FB-658D48D54CBD}.Release|Any CPU.Build.0 = Release|Any CPU
		{A7443D2B-3315-45C6-A4A5-DF6B8CA7362D}.Debug|Any CPU.ActiveCfg = Debug|Any CPU
		{A7443D2B-3315-45C6-A4A5-DF6B8CA7362D}.Debug|Any CPU.Build.0 = Debug|Any CPU
		{A7443D2B-3315-45C6-A4A5-DF6B8CA7362D}.Release|Any CPU.ActiveCfg = Release|Any CPU
		{A7443D2B-3315-45C6-A4A5-DF6B8CA7362D}.Release|Any CPU.Build.0 = Release|Any CPU
		{D0EF889C-22A0-45C2-BD4A-1E74FCB7CC7B}.Debug|Any CPU.ActiveCfg = Debug|Any CPU
		{D0EF889C-22A0-45C2-BD4A-1E74FCB7CC7B}.Debug|Any CPU.Build.0 = Debug|Any CPU
		{D0EF889C-22A0-45C2-BD4A-1E74FCB7CC7B}.Release|Any CPU.ActiveCfg = Release|Any CPU
		{D0EF889C-22A0-45C2-BD4A-1E74FCB7CC7B}.Release|Any CPU.Build.0 = Release|Any CPU
		{DC7E0E86-D52D-44CF-95A9-272584809E48}.Debug|Any CPU.ActiveCfg = Debug|Any CPU
		{DC7E0E86-D52D-44CF-95A9-272584809E48}.Debug|Any CPU.Build.0 = Debug|Any CPU
		{DC7E0E86-D52D-44CF-95A9-272584809E48}.Release|Any CPU.ActiveCfg = Release|Any CPU
		{DC7E0E86-D52D-44CF-95A9-272584809E48}.Release|Any CPU.Build.0 = Release|Any CPU
		{A2E99C48-5119-4166-9A71-60A642836638}.Debug|Any CPU.ActiveCfg = Debug|Any CPU
		{A2E99C48-5119-4166-9A71-60A642836638}.Debug|Any CPU.Build.0 = Debug|Any CPU
		{A2E99C48-5119-4166-9A71-60A642836638}.Release|Any CPU.ActiveCfg = Release|Any CPU
		{A2E99C48-5119-4166-9A71-60A642836638}.Release|Any CPU.Build.0 = Release|Any CPU
	EndGlobalSection
	GlobalSection(SolutionProperties) = preSolution
		HideSolutionNode = FALSE
	EndGlobalSection
	GlobalSection(ExtensibilityGlobals) = postSolution
		SolutionGuid = {63761B8F-197A-4924-9C21-539E9FE55291}
	EndGlobalSection
EndGlobal
